
Microsoft Visual Studio Solution File, Format Version 12.00
# Visual Studio Version 17
VisualStudioVersion = 17.2.32616.157
MinimumVisualStudioVersion = 10.0.40219.1
Project("{FAE04EC0-301F-11D3-BF4B-00C04F79EFBC}") = "WebApi", "WebApi.csproj", "{05259B44-ADDF-45AB-8A50-7DA271387E9D}"
EndProject
Global
	GlobalSection(SolutionConfigurationPlatforms) = preSolution
		Debug|Any CPU = Debug|Any CPU
		Release|Any CPU = Release|Any CPU
	EndGlobalSection
	GlobalSection(ProjectConfigurationPlatforms) = postSolution
		{05259B44-ADDF-45AB-8A50-7DA271387E9D}.Debug|Any CPU.ActiveCfg = Debug|Any CPU
		{05259B44-ADDF-45AB-8A50-7DA271387E9D}.Debug|Any CPU.Build.0 = Debug|Any CPU
		{05259B44-ADDF-45AB-8A50-7DA271387E9D}.Release|Any CPU.ActiveCfg = Release|Any CPU
		{05259B44-ADDF-45AB-8A50-7DA271387E9D}.Release|Any CPU.Build.0 = Release|Any CPU
	EndGlobalSection
	GlobalSection(SolutionProperties) = preSolution
		HideSolutionNode = FALSE
	EndGlobalSection
	GlobalSection(ExtensibilityGlobals) = postSolution
		SolutionGuid = {34FF6D2E-51B6-4E0F-A5FF-2AF9181C12D3}
	EndGlobalSection
EndGlobal
